{
  "version": 4,
  "terraform_version": "1.0.8",
  "serial": 7,
  "lineage": "ab1c7926-9dd6-bde4-0c5f-d4f2de5f9d71",
  "outputs": {},
  "resources": [
    {
      "mode": "managed",
      "type": "helm_release",
      "name": "mongodb",
      "provider": "provider[\"registry.terraform.io/hashicorp/helm\"]",
      "instances": [
        {
          "schema_version": 0,
          "attributes": {
            "atomic": false,
            "chart": "mongodb",
            "cleanup_on_fail": false,
            "create_namespace": false,
            "dependency_update": false,
            "description": null,
            "devel": null,
            "disable_crd_hooks": false,
            "disable_openapi_validation": false,
            "disable_webhooks": false,
            "force_update": false,
            "id": "mongodb",
            "keyring": null,
            "lint": false,
            "manifest": null,
            "max_history": 0,
            "metadata": [
              {
                "app_version": "4.4.9",
                "chart": "mongodb",
                "name": "mongodb",
                "namespace": "default",
                "revision": 1,
                "values": "{\"auth\":{\"database\":\"hasher\",\"password\":\"hasher\",\"rootPassword\":\"hasher\",\"username\":\"hasher\"},\"fullnameOverride\":\"mongodb-hux\"}",
                "version": "10.27.2"
              }
            ],
            "name": "mongodb",
            "namespace": "default",
            "postrender": [],
            "recreate_pods": false,
            "render_subchart_notes": true,
            "replace": false,
            "repository": "https://charts.bitnami.com/bitnami",
            "repository_ca_file": null,
            "repository_cert_file": null,
            "repository_key_file": null,
            "repository_password": null,
            "repository_username": null,
            "reset_values": false,
            "reuse_values": false,
            "set": [
              {
                "name": "auth.database",
                "type": "",
                "value": "hasher"
              },
              {
                "name": "auth.password",
                "type": "",
                "value": "hasher"
              },
              {
                "name": "auth.rootPassword",
                "type": "",
                "value": "hasher"
              },
              {
                "name": "auth.username",
                "type": "",
                "value": "hasher"
              },
              {
                "name": "fullnameOverride",
                "type": "",
                "value": "mongodb-hux"
              }
            ],
            "set_sensitive": [],
            "skip_crds": false,
            "status": "deployed",
            "timeout": 300,
            "values": null,
            "verify": false,
            "version": "10.27.2",
            "wait": true,
            "wait_for_jobs": false
          },
          "sensitive_attributes": [],
          "private": "bnVsbA=="
        }
      ]
    }
  ]
}
